// !$*UTF8*$!
{
	archiveVersion = 1;
	classes = {
	};
	objectVersion = 50;
	objects = {

/* Begin PBXBuildFile section */
		5D8DFEDC867EB25B6680F53C /* libPods-MarchTests.a in Frameworks */ = {isa = PBXBuildFile; fileRef = 88A97C8A875DDD2C3E94D7AD /* libPods-MarchTests.a */; };
		75B0E4983640E7B0DB36A3B2 /* libPods-March.a in Frameworks */ = {isa = PBXBuildFile; fileRef = EA1C7805BF5983F3AF430A9A /* libPods-March.a */; };
		D8214BE320E4BDCF00A8A856 /* SqliteUtil.m in Sources */ = {isa = PBXBuildFile; fileRef = D8214BE120E4BDCF00A8A856 /* SqliteUtil.m */; };
		D82E257C20E9D79700C2EE2B /* AddProjectViewController.m in Sources */ = {isa = PBXBuildFile; fileRef = D82E257B20E9D79700C2EE2B /* AddProjectViewController.m */; };
		D82E257F20E9DEE800C2EE2B /* AddProjectView.m in Sources */ = {isa = PBXBuildFile; fileRef = D82E257E20E9DEE800C2EE2B /* AddProjectView.m */; };
		D838924320E4B20A00C26364 /* AppDelegate.m in Sources */ = {isa = PBXBuildFile; fileRef = D838924220E4B20A00C26364 /* AppDelegate.m */; };
		D838924620E4B20A00C26364 /* ViewController.m in Sources */ = {isa = PBXBuildFile; fileRef = D838924520E4B20A00C26364 /* ViewController.m */; };
		D838924920E4B20A00C26364 /* Main.storyboard in Resources */ = {isa = PBXBuildFile; fileRef = D838924720E4B20A00C26364 /* Main.storyboard */; };
		D838924E20E4B20E00C26364 /* LaunchScreen.storyboard in Resources */ = {isa = PBXBuildFile; fileRef = D838924C20E4B20E00C26364 /* LaunchScreen.storyboard */; };
		D838925120E4B20E00C26364 /* main.m in Sources */ = {isa = PBXBuildFile; fileRef = D838925020E4B20E00C26364 /* main.m */; };
		D838925B20E4B20E00C26364 /* MarchTests.m in Sources */ = {isa = PBXBuildFile; fileRef = D838925A20E4B20E00C26364 /* MarchTests.m */; };
		D838926620E4B20E00C26364 /* MarchUITests.m in Sources */ = {isa = PBXBuildFile; fileRef = D838926520E4B20E00C26364 /* MarchUITests.m */; };
		D86D4BB520E5D97500AE3C80 /* MenuViewController.m in Sources */ = {isa = PBXBuildFile; fileRef = D86D4BB420E5D97500AE3C80 /* MenuViewController.m */; };
		D86D4BB920E5EDE100AE3C80 /* Util.m in Sources */ = {isa = PBXBuildFile; fileRef = D86D4BB820E5EDE100AE3C80 /* Util.m */; };
		D86D4BBD20E605A500AE3C80 /* User.m in Sources */ = {isa = PBXBuildFile; fileRef = D86D4BBC20E605A500AE3C80 /* User.m */; };
		D86D4BC120E61D1700AE3C80 /* Project.m in Sources */ = {isa = PBXBuildFile; fileRef = D86D4BC020E61D1700AE3C80 /* Project.m */; };
		D86D4BC420E61D2000AE3C80 /* Group.m in Sources */ = {isa = PBXBuildFile; fileRef = D86D4BC320E61D2000AE3C80 /* Group.m */; };
		D86D4BC720E6214300AE3C80 /* MainViewController.m in Sources */ = {isa = PBXBuildFile; fileRef = D86D4BC620E6214300AE3C80 /* MainViewController.m */; };
		D86D4BCA20E6215600AE3C80 /* BasicViewController.m in Sources */ = {isa = PBXBuildFile; fileRef = D86D4BC920E6215600AE3C80 /* BasicViewController.m */; };
		D874EB6320EA003C00240E44 /* ProjectInfoTextCell.m in Sources */ = {isa = PBXBuildFile; fileRef = D874EB6120EA003C00240E44 /* ProjectInfoTextCell.m */; };
		D874EB6420EA003C00240E44 /* ProjectInfoTextCell.xib in Resources */ = {isa = PBXBuildFile; fileRef = D874EB6220EA003C00240E44 /* ProjectInfoTextCell.xib */; };
		D874EB6820EA00AC00240E44 /* ProjectInfoDateCell.m in Sources */ = {isa = PBXBuildFile; fileRef = D874EB6620EA00AC00240E44 /* ProjectInfoDateCell.m */; };
		D874EB6920EA00AC00240E44 /* ProjectInfoDateCell.xib in Resources */ = {isa = PBXBuildFile; fileRef = D874EB6720EA00AC00240E44 /* ProjectInfoDateCell.xib */; };
		D874EB6D20EA096F00240E44 /* ProjectInfoPickerCell.m in Sources */ = {isa = PBXBuildFile; fileRef = D874EB6B20EA096F00240E44 /* ProjectInfoPickerCell.m */; };
		D874EB6E20EA096F00240E44 /* ProjectInfoPickerCell.xib in Resources */ = {isa = PBXBuildFile; fileRef = D874EB6C20EA096F00240E44 /* ProjectInfoPickerCell.xib */; };
		D874EB7120EA10BA00240E44 /* CreateProjectModel.m in Sources */ = {isa = PBXBuildFile; fileRef = D874EB7020EA10BA00240E44 /* CreateProjectModel.m */; };
		D874EB7820EA4BB800240E44 /* Assets.xcassets in Resources */ = {isa = PBXBuildFile; fileRef = D874EB7720EA4BB700240E44 /* Assets.xcassets */; };
		D874EB7D20EA4FE900240E44 /* ClickAddCell.m in Sources */ = {isa = PBXBuildFile; fileRef = D874EB7B20EA4FE900240E44 /* ClickAddCell.m */; };
		D874EB7E20EA4FE900240E44 /* ClickAddCell.xib in Resources */ = {isa = PBXBuildFile; fileRef = D874EB7C20EA4FE900240E44 /* ClickAddCell.xib */; };
		D87679D220E8925E0080F2F6 /* Documentationmarch.db in Resources */ = {isa = PBXBuildFile; fileRef = D87679D120E8925E0080F2F6 /* Documentationmarch.db */; };
		D87679D820E89F0B0080F2F6 /* MenuData.m in Sources */ = {isa = PBXBuildFile; fileRef = D87679D720E89F0B0080F2F6 /* MenuData.m */; };
		D87679DB20E8A05A0080F2F6 /* MyItem.m in Sources */ = {isa = PBXBuildFile; fileRef = D87679DA20E8A05A0080F2F6 /* MyItem.m */; };
		D8800E8F20E728CB000DD34A /* MenuView.m in Sources */ = {isa = PBXBuildFile; fileRef = D8800E8E20E728CB000DD34A /* MenuView.m */; };
		D8800E9620E74077000DD34A /* MainView.m in Sources */ = {isa = PBXBuildFile; fileRef = D8800E9520E74077000DD34A /* MainView.m */; };
		D8800E9920E7663A000DD34A /* BasicView.m in Sources */ = {isa = PBXBuildFile; fileRef = D8800E9820E7663A000DD34A /* BasicView.m */; };
		D8B8BC5520E8B8D4005EDDFD /* BasicTableViewCell.m in Sources */ = {isa = PBXBuildFile; fileRef = D8B8BC5420E8B8D4005EDDFD /* BasicTableViewCell.m */; };
		D8B8BC5920E8BF1F005EDDFD /* PGCell.m in Sources */ = {isa = PBXBuildFile; fileRef = D8B8BC5720E8BF1F005EDDFD /* PGCell.m */; };
		D8B8BC5A20E8BF1F005EDDFD /* PGCell.xib in Resources */ = {isa = PBXBuildFile; fileRef = D8B8BC5820E8BF1F005EDDFD /* PGCell.xib */; };
		D8B8BC5E20E8C493005EDDFD /* ProjectCell.m in Sources */ = {isa = PBXBuildFile; fileRef = D8B8BC5C20E8C493005EDDFD /* ProjectCell.m */; };
		D8B8BC5F20E8C493005EDDFD /* ProjectCell.xib in Resources */ = {isa = PBXBuildFile; fileRef = D8B8BC5D20E8C493005EDDFD /* ProjectCell.xib */; };
		D8CD643320EA5AB400CBE9CA /* ProjectInfoMileStoneCell.m in Sources */ = {isa = PBXBuildFile; fileRef = D8CD643120EA5AB400CBE9CA /* ProjectInfoMileStoneCell.m */; };
		D8CD643420EA5AB400CBE9CA /* ProjectInfoMileStoneCell.xib in Resources */ = {isa = PBXBuildFile; fileRef = D8CD643220EA5AB400CBE9CA /* ProjectInfoMileStoneCell.xib */; };
		D8D1B9D892AB2F8BBE30DFD3 /* libPods-MarchUITests.a in Frameworks */ = {isa = PBXBuildFile; fileRef = B7F0DC89335D47C92796BB25 /* libPods-MarchUITests.a */; };
		D8F6D98120E9094E00D4C91D /* LoginViewController.m in Sources */ = {isa = PBXBuildFile; fileRef = D8F6D98020E9094E00D4C91D /* LoginViewController.m */; };
		D8F6D98420E909D900D4C91D /* RegisterViewController.m in Sources */ = {isa = PBXBuildFile; fileRef = D8F6D98320E909D900D4C91D /* RegisterViewController.m */; };
/* End PBXBuildFile section */

/* Begin PBXContainerItemProxy section */
		D838925720E4B20E00C26364 /* PBXContainerItemProxy */ = {
			isa = PBXContainerItemProxy;
			containerPortal = D838923620E4B20A00C26364 /* Project object */;
			proxyType = 1;
			remoteGlobalIDString = D838923D20E4B20A00C26364;
			remoteInfo = March;
		};
		D838926220E4B20E00C26364 /* PBXContainerItemProxy */ = {
			isa = PBXContainerItemProxy;
			containerPortal = D838923620E4B20A00C26364 /* Project object */;
			proxyType = 1;
			remoteGlobalIDString = D838923D20E4B20A00C26364;
			remoteInfo = March;
		};
/* End PBXContainerItemProxy section */

/* Begin PBXFileReference section */
		2C4440516F904BBAC40837C6 /* Pods-March.release.xcconfig */ = {isa = PBXFileReference; includeInIndex = 1; lastKnownFileType = text.xcconfig; name = "Pods-March.release.xcconfig"; path = "Pods/Target Support Files/Pods-March/Pods-March.release.xcconfig"; sourceTree = "<group>"; };
		5A683826A7FB7AE4A7533BA3 /* Pods-MarchTests.release.xcconfig */ = {isa = PBXFileReference; includeInIndex = 1; lastKnownFileType = text.xcconfig; name = "Pods-MarchTests.release.xcconfig"; path = "Pods/Target Support Files/Pods-MarchTests/Pods-MarchTests.release.xcconfig"; sourceTree = "<group>"; };
		88A97C8A875DDD2C3E94D7AD /* libPods-MarchTests.a */ = {isa = PBXFileReference; explicitFileType = archive.ar; includeInIndex = 0; path = "libPods-MarchTests.a"; sourceTree = BUILT_PRODUCTS_DIR; };
		8F2093855D0E75E72A70028E /* Pods-MarchTests.debug.xcconfig */ = {isa = PBXFileReference; includeInIndex = 1; lastKnownFileType = text.xcconfig; name = "Pods-MarchTests.debug.xcconfig"; path = "Pods/Target Support Files/Pods-MarchTests/Pods-MarchTests.debug.xcconfig"; sourceTree = "<group>"; };
		9A54B73B4323F2E5AE0936A4 /* Pods-MarchUITests.debug.xcconfig */ = {isa = PBXFileReference; includeInIndex = 1; lastKnownFileType = text.xcconfig; name = "Pods-MarchUITests.debug.xcconfig"; path = "Pods/Target Support Files/Pods-MarchUITests/Pods-MarchUITests.debug.xcconfig"; sourceTree = "<group>"; };
		B7F0DC89335D47C92796BB25 /* libPods-MarchUITests.a */ = {isa = PBXFileReference; explicitFileType = archive.ar; includeInIndex = 0; path = "libPods-MarchUITests.a"; sourceTree = BUILT_PRODUCTS_DIR; };
		D8214BE120E4BDCF00A8A856 /* SqliteUtil.m */ = {isa = PBXFileReference; fileEncoding = 4; lastKnownFileType = sourcecode.c.objc; path = SqliteUtil.m; sourceTree = "<group>"; };
		D8214BE220E4BDCF00A8A856 /* SqliteUtil.h */ = {isa = PBXFileReference; fileEncoding = 4; lastKnownFileType = sourcecode.c.h; path = SqliteUtil.h; sourceTree = "<group>"; };
		D82E257A20E9D79700C2EE2B /* AddProjectViewController.h */ = {isa = PBXFileReference; lastKnownFileType = sourcecode.c.h; path = AddProjectViewController.h; sourceTree = "<group>"; };
		D82E257B20E9D79700C2EE2B /* AddProjectViewController.m */ = {isa = PBXFileReference; lastKnownFileType = sourcecode.c.objc; path = AddProjectViewController.m; sourceTree = "<group>"; };
		D82E257D20E9DEE800C2EE2B /* AddProjectView.h */ = {isa = PBXFileReference; lastKnownFileType = sourcecode.c.h; path = AddProjectView.h; sourceTree = "<group>"; };
		D82E257E20E9DEE800C2EE2B /* AddProjectView.m */ = {isa = PBXFileReference; lastKnownFileType = sourcecode.c.objc; path = AddProjectView.m; sourceTree = "<group>"; };
		D838923E20E4B20A00C26364 /* March.app */ = {isa = PBXFileReference; explicitFileType = wrapper.application; includeInIndex = 0; path = March.app; sourceTree = BUILT_PRODUCTS_DIR; };
		D838924120E4B20A00C26364 /* AppDelegate.h */ = {isa = PBXFileReference; lastKnownFileType = sourcecode.c.h; path = AppDelegate.h; sourceTree = "<group>"; };
		D838924220E4B20A00C26364 /* AppDelegate.m */ = {isa = PBXFileReference; lastKnownFileType = sourcecode.c.objc; path = AppDelegate.m; sourceTree = "<group>"; };
		D838924420E4B20A00C26364 /* ViewController.h */ = {isa = PBXFileReference; lastKnownFileType = sourcecode.c.h; path = ViewController.h; sourceTree = "<group>"; };
		D838924520E4B20A00C26364 /* ViewController.m */ = {isa = PBXFileReference; lastKnownFileType = sourcecode.c.objc; path = ViewController.m; sourceTree = "<group>"; };
		D838924820E4B20A00C26364 /* Base */ = {isa = PBXFileReference; lastKnownFileType = file.storyboard; name = Base; path = Base.lproj/Main.storyboard; sourceTree = "<group>"; };
		D838924D20E4B20E00C26364 /* Base */ = {isa = PBXFileReference; lastKnownFileType = file.storyboard; name = Base; path = Base.lproj/LaunchScreen.storyboard; sourceTree = "<group>"; };
		D838924F20E4B20E00C26364 /* Info.plist */ = {isa = PBXFileReference; lastKnownFileType = text.plist.xml; path = Info.plist; sourceTree = "<group>"; };
		D838925020E4B20E00C26364 /* main.m */ = {isa = PBXFileReference; lastKnownFileType = sourcecode.c.objc; path = main.m; sourceTree = "<group>"; };
		D838925620E4B20E00C26364 /* MarchTests.xctest */ = {isa = PBXFileReference; explicitFileType = wrapper.cfbundle; includeInIndex = 0; path = MarchTests.xctest; sourceTree = BUILT_PRODUCTS_DIR; };
		D838925A20E4B20E00C26364 /* MarchTests.m */ = {isa = PBXFileReference; lastKnownFileType = sourcecode.c.objc; path = MarchTests.m; sourceTree = "<group>"; };
		D838925C20E4B20E00C26364 /* Info.plist */ = {isa = PBXFileReference; lastKnownFileType = text.plist.xml; path = Info.plist; sourceTree = "<group>"; };
		D838926120E4B20E00C26364 /* MarchUITests.xctest */ = {isa = PBXFileReference; explicitFileType = wrapper.cfbundle; includeInIndex = 0; path = MarchUITests.xctest; sourceTree = BUILT_PRODUCTS_DIR; };
		D838926520E4B20E00C26364 /* MarchUITests.m */ = {isa = PBXFileReference; lastKnownFileType = sourcecode.c.objc; path = MarchUITests.m; sourceTree = "<group>"; };
		D838926720E4B20E00C26364 /* Info.plist */ = {isa = PBXFileReference; lastKnownFileType = text.plist.xml; path = Info.plist; sourceTree = "<group>"; };
		D86D4BB320E5D97500AE3C80 /* MenuViewController.h */ = {isa = PBXFileReference; lastKnownFileType = sourcecode.c.h; path = MenuViewController.h; sourceTree = "<group>"; };
		D86D4BB420E5D97500AE3C80 /* MenuViewController.m */ = {isa = PBXFileReference; lastKnownFileType = sourcecode.c.objc; path = MenuViewController.m; sourceTree = "<group>"; };
		D86D4BB720E5EDE100AE3C80 /* Util.h */ = {isa = PBXFileReference; lastKnownFileType = sourcecode.c.h; path = Util.h; sourceTree = "<group>"; };
		D86D4BB820E5EDE100AE3C80 /* Util.m */ = {isa = PBXFileReference; lastKnownFileType = sourcecode.c.objc; path = Util.m; sourceTree = "<group>"; };
		D86D4BBB20E605A500AE3C80 /* User.h */ = {isa = PBXFileReference; lastKnownFileType = sourcecode.c.h; path = User.h; sourceTree = "<group>"; };
		D86D4BBC20E605A500AE3C80 /* User.m */ = {isa = PBXFileReference; lastKnownFileType = sourcecode.c.objc; path = User.m; sourceTree = "<group>"; };
		D86D4BBF20E61D1700AE3C80 /* Project.h */ = {isa = PBXFileReference; lastKnownFileType = sourcecode.c.h; path = Project.h; sourceTree = "<group>"; };
		D86D4BC020E61D1700AE3C80 /* Project.m */ = {isa = PBXFileReference; lastKnownFileType = sourcecode.c.objc; path = Project.m; sourceTree = "<group>"; };
		D86D4BC220E61D2000AE3C80 /* Group.h */ = {isa = PBXFileReference; lastKnownFileType = sourcecode.c.h; path = Group.h; sourceTree = "<group>"; };
		D86D4BC320E61D2000AE3C80 /* Group.m */ = {isa = PBXFileReference; lastKnownFileType = sourcecode.c.objc; path = Group.m; sourceTree = "<group>"; };
		D86D4BC520E6214300AE3C80 /* MainViewController.h */ = {isa = PBXFileReference; lastKnownFileType = sourcecode.c.h; path = MainViewController.h; sourceTree = "<group>"; };
		D86D4BC620E6214300AE3C80 /* MainViewController.m */ = {isa = PBXFileReference; lastKnownFileType = sourcecode.c.objc; path = MainViewController.m; sourceTree = "<group>"; };
		D86D4BC820E6215600AE3C80 /* BasicViewController.h */ = {isa = PBXFileReference; lastKnownFileType = sourcecode.c.h; path = BasicViewController.h; sourceTree = "<group>"; };
		D86D4BC920E6215600AE3C80 /* BasicViewController.m */ = {isa = PBXFileReference; lastKnownFileType = sourcecode.c.objc; path = BasicViewController.m; sourceTree = "<group>"; };
		D874EB6020EA003C00240E44 /* ProjectInfoTextCell.h */ = {isa = PBXFileReference; lastKnownFileType = sourcecode.c.h; path = ProjectInfoTextCell.h; sourceTree = "<group>"; };
		D874EB6120EA003C00240E44 /* ProjectInfoTextCell.m */ = {isa = PBXFileReference; lastKnownFileType = sourcecode.c.objc; path = ProjectInfoTextCell.m; sourceTree = "<group>"; };
		D874EB6220EA003C00240E44 /* ProjectInfoTextCell.xib */ = {isa = PBXFileReference; lastKnownFileType = file.xib; path = ProjectInfoTextCell.xib; sourceTree = "<group>"; };
		D874EB6520EA00AC00240E44 /* ProjectInfoDateCell.h */ = {isa = PBXFileReference; lastKnownFileType = sourcecode.c.h; path = ProjectInfoDateCell.h; sourceTree = "<group>"; };
		D874EB6620EA00AC00240E44 /* ProjectInfoDateCell.m */ = {isa = PBXFileReference; lastKnownFileType = sourcecode.c.objc; path = ProjectInfoDateCell.m; sourceTree = "<group>"; };
		D874EB6720EA00AC00240E44 /* ProjectInfoDateCell.xib */ = {isa = PBXFileReference; lastKnownFileType = file.xib; path = ProjectInfoDateCell.xib; sourceTree = "<group>"; };
		D874EB6A20EA096F00240E44 /* ProjectInfoPickerCell.h */ = {isa = PBXFileReference; lastKnownFileType = sourcecode.c.h; path = ProjectInfoPickerCell.h; sourceTree = "<group>"; };
		D874EB6B20EA096F00240E44 /* ProjectInfoPickerCell.m */ = {isa = PBXFileReference; lastKnownFileType = sourcecode.c.objc; path = ProjectInfoPickerCell.m; sourceTree = "<group>"; };
		D874EB6C20EA096F00240E44 /* ProjectInfoPickerCell.xib */ = {isa = PBXFileReference; lastKnownFileType = file.xib; path = ProjectInfoPickerCell.xib; sourceTree = "<group>"; };
		D874EB6F20EA10BA00240E44 /* CreateProjectModel.h */ = {isa = PBXFileReference; lastKnownFileType = sourcecode.c.h; path = CreateProjectModel.h; sourceTree = "<group>"; };
		D874EB7020EA10BA00240E44 /* CreateProjectModel.m */ = {isa = PBXFileReference; lastKnownFileType = sourcecode.c.objc; path = CreateProjectModel.m; sourceTree = "<group>"; };
		D874EB7720EA4BB700240E44 /* Assets.xcassets */ = {isa = PBXFileReference; lastKnownFileType = folder.assetcatalog; path = Assets.xcassets; sourceTree = "<group>"; };
		D874EB7A20EA4FE900240E44 /* ClickAddCell.h */ = {isa = PBXFileReference; lastKnownFileType = sourcecode.c.h; path = ClickAddCell.h; sourceTree = "<group>"; };
		D874EB7B20EA4FE900240E44 /* ClickAddCell.m */ = {isa = PBXFileReference; lastKnownFileType = sourcecode.c.objc; path = ClickAddCell.m; sourceTree = "<group>"; };
		D874EB7C20EA4FE900240E44 /* ClickAddCell.xib */ = {isa = PBXFileReference; lastKnownFileType = file.xib; path = ClickAddCell.xib; sourceTree = "<group>"; };
		D87679D120E8925E0080F2F6 /* Documentationmarch.db */ = {isa = PBXFileReference; lastKnownFileType = file; name = Documentationmarch.db; path = "../Supporting File/Documentationmarch.db"; sourceTree = "<group>"; };
		D87679D620E89F0B0080F2F6 /* MenuData.h */ = {isa = PBXFileReference; fileEncoding = 4; lastKnownFileType = sourcecode.c.h; path = MenuData.h; sourceTree = "<group>"; };
		D87679D720E89F0B0080F2F6 /* MenuData.m */ = {isa = PBXFileReference; fileEncoding = 4; lastKnownFileType = sourcecode.c.objc; path = MenuData.m; sourceTree = "<group>"; };
		D87679D920E8A05A0080F2F6 /* MyItem.h */ = {isa = PBXFileReference; fileEncoding = 4; lastKnownFileType = sourcecode.c.h; path = MyItem.h; sourceTree = "<group>"; };
		D87679DA20E8A05A0080F2F6 /* MyItem.m */ = {isa = PBXFileReference; fileEncoding = 4; lastKnownFileType = sourcecode.c.objc; path = MyItem.m; sourceTree = "<group>"; };
		D8800E8D20E728CB000DD34A /* MenuView.h */ = {isa = PBXFileReference; lastKnownFileType = sourcecode.c.h; path = MenuView.h; sourceTree = "<group>"; };
		D8800E8E20E728CB000DD34A /* MenuView.m */ = {isa = PBXFileReference; lastKnownFileType = sourcecode.c.objc; path = MenuView.m; sourceTree = "<group>"; };
		D8800E9420E74077000DD34A /* MainView.h */ = {isa = PBXFileReference; lastKnownFileType = sourcecode.c.h; path = MainView.h; sourceTree = "<group>"; };
		D8800E9520E74077000DD34A /* MainView.m */ = {isa = PBXFileReference; lastKnownFileType = sourcecode.c.objc; path = MainView.m; sourceTree = "<group>"; };
		D8800E9720E7663A000DD34A /* BasicView.h */ = {isa = PBXFileReference; lastKnownFileType = sourcecode.c.h; path = BasicView.h; sourceTree = "<group>"; };
		D8800E9820E7663A000DD34A /* BasicView.m */ = {isa = PBXFileReference; lastKnownFileType = sourcecode.c.objc; path = BasicView.m; sourceTree = "<group>"; };
		D8B8BC5320E8B8D4005EDDFD /* BasicTableViewCell.h */ = {isa = PBXFileReference; lastKnownFileType = sourcecode.c.h; path = BasicTableViewCell.h; sourceTree = "<group>"; };
		D8B8BC5420E8B8D4005EDDFD /* BasicTableViewCell.m */ = {isa = PBXFileReference; lastKnownFileType = sourcecode.c.objc; path = BasicTableViewCell.m; sourceTree = "<group>"; };
		D8B8BC5620E8BF1F005EDDFD /* PGCell.h */ = {isa = PBXFileReference; lastKnownFileType = sourcecode.c.h; path = PGCell.h; sourceTree = "<group>"; };
		D8B8BC5720E8BF1F005EDDFD /* PGCell.m */ = {isa = PBXFileReference; lastKnownFileType = sourcecode.c.objc; path = PGCell.m; sourceTree = "<group>"; };
		D8B8BC5820E8BF1F005EDDFD /* PGCell.xib */ = {isa = PBXFileReference; lastKnownFileType = file.xib; path = PGCell.xib; sourceTree = "<group>"; };
		D8B8BC5B20E8C493005EDDFD /* ProjectCell.h */ = {isa = PBXFileReference; lastKnownFileType = sourcecode.c.h; path = ProjectCell.h; sourceTree = "<group>"; };
		D8B8BC5C20E8C493005EDDFD /* ProjectCell.m */ = {isa = PBXFileReference; lastKnownFileType = sourcecode.c.objc; path = ProjectCell.m; sourceTree = "<group>"; };
		D8B8BC5D20E8C493005EDDFD /* ProjectCell.xib */ = {isa = PBXFileReference; lastKnownFileType = file.xib; path = ProjectCell.xib; sourceTree = "<group>"; };
		D8CD643020EA5AB400CBE9CA /* ProjectInfoMileStoneCell.h */ = {isa = PBXFileReference; lastKnownFileType = sourcecode.c.h; path = ProjectInfoMileStoneCell.h; sourceTree = "<group>"; };
		D8CD643120EA5AB400CBE9CA /* ProjectInfoMileStoneCell.m */ = {isa = PBXFileReference; lastKnownFileType = sourcecode.c.objc; path = ProjectInfoMileStoneCell.m; sourceTree = "<group>"; };
		D8CD643220EA5AB400CBE9CA /* ProjectInfoMileStoneCell.xib */ = {isa = PBXFileReference; lastKnownFileType = file.xib; path = ProjectInfoMileStoneCell.xib; sourceTree = "<group>"; };
		D8F6D97F20E9094E00D4C91D /* LoginViewController.h */ = {isa = PBXFileReference; lastKnownFileType = sourcecode.c.h; path = LoginViewController.h; sourceTree = "<group>"; };
		D8F6D98020E9094E00D4C91D /* LoginViewController.m */ = {isa = PBXFileReference; lastKnownFileType = sourcecode.c.objc; path = LoginViewController.m; sourceTree = "<group>"; };
		D8F6D98220E909D900D4C91D /* RegisterViewController.h */ = {isa = PBXFileReference; lastKnownFileType = sourcecode.c.h; path = RegisterViewController.h; sourceTree = "<group>"; };
		D8F6D98320E909D900D4C91D /* RegisterViewController.m */ = {isa = PBXFileReference; lastKnownFileType = sourcecode.c.objc; path = RegisterViewController.m; sourceTree = "<group>"; };
		DCE58B5B41E57262DEE7F60E /* Pods-March.debug.xcconfig */ = {isa = PBXFileReference; includeInIndex = 1; lastKnownFileType = text.xcconfig; name = "Pods-March.debug.xcconfig"; path = "Pods/Target Support Files/Pods-March/Pods-March.debug.xcconfig"; sourceTree = "<group>"; };
		EA1C7805BF5983F3AF430A9A /* libPods-March.a */ = {isa = PBXFileReference; explicitFileType = archive.ar; includeInIndex = 0; path = "libPods-March.a"; sourceTree = BUILT_PRODUCTS_DIR; };
		FDC1B84512B40B26528417E2 /* Pods-MarchUITests.release.xcconfig */ = {isa = PBXFileReference; includeInIndex = 1; lastKnownFileType = text.xcconfig; name = "Pods-MarchUITests.release.xcconfig"; path = "Pods/Target Support Files/Pods-MarchUITests/Pods-MarchUITests.release.xcconfig"; sourceTree = "<group>"; };
/* End PBXFileReference section */

/* Begin PBXFrameworksBuildPhase section */
		D838923B20E4B20A00C26364 /* Frameworks */ = {
			isa = PBXFrameworksBuildPhase;
			buildActionMask = 2147483647;
			files = (
				75B0E4983640E7B0DB36A3B2 /* libPods-March.a in Frameworks */,
			);
			runOnlyForDeploymentPostprocessing = 0;
		};
		D838925320E4B20E00C26364 /* Frameworks */ = {
			isa = PBXFrameworksBuildPhase;
			buildActionMask = 2147483647;
			files = (
				5D8DFEDC867EB25B6680F53C /* libPods-MarchTests.a in Frameworks */,
			);
			runOnlyForDeploymentPostprocessing = 0;
		};
		D838925E20E4B20E00C26364 /* Frameworks */ = {
			isa = PBXFrameworksBuildPhase;
			buildActionMask = 2147483647;
			files = (
				D8D1B9D892AB2F8BBE30DFD3 /* libPods-MarchUITests.a in Frameworks */,
			);
			runOnlyForDeploymentPostprocessing = 0;
		};
/* End PBXFrameworksBuildPhase section */

/* Begin PBXGroup section */
		C083538A8CFE4AFFC3B687D1 /* Frameworks */ = {
			isa = PBXGroup;
			children = (
				EA1C7805BF5983F3AF430A9A /* libPods-March.a */,
				88A97C8A875DDD2C3E94D7AD /* libPods-MarchTests.a */,
				B7F0DC89335D47C92796BB25 /* libPods-MarchUITests.a */,
			);
			name = Frameworks;
			sourceTree = "<group>";
		};
		D838923520E4B20A00C26364 = {
			isa = PBXGroup;
			children = (
				D838924020E4B20A00C26364 /* March */,
				D87679CE20E890420080F2F6 /* Supporting File */,
				D838925920E4B20E00C26364 /* MarchTests */,
				D838926420E4B20E00C26364 /* MarchUITests */,
				D838923F20E4B20A00C26364 /* Products */,
				E39D3DF2A8CF44F05455A3D5 /* Pods */,
				C083538A8CFE4AFFC3B687D1 /* Frameworks */,
			);
			sourceTree = "<group>";
		};
		D838923F20E4B20A00C26364 /* Products */ = {
			isa = PBXGroup;
			children = (
				D838923E20E4B20A00C26364 /* March.app */,
				D838925620E4B20E00C26364 /* MarchTests.xctest */,
				D838926120E4B20E00C26364 /* MarchUITests.xctest */,
			);
			name = Products;
			sourceTree = "<group>";
		};
		D838924020E4B20A00C26364 /* March */ = {
			isa = PBXGroup;
			children = (
				D86D4BBA20E6058F00AE3C80 /* Entities */,
				D86D4BB620E5EDA800AE3C80 /* Utilities */,
				D86D4BAB20E5CAF700AE3C80 /* UIViewController */,
				D8800E8C20E728AF000DD34A /* UIView */,
				D838924120E4B20A00C26364 /* AppDelegate.h */,
				D838924220E4B20A00C26364 /* AppDelegate.m */,
				D838924420E4B20A00C26364 /* ViewController.h */,
				D838924520E4B20A00C26364 /* ViewController.m */,
				D838924720E4B20A00C26364 /* Main.storyboard */,
				D838924C20E4B20E00C26364 /* LaunchScreen.storyboard */,
				D874EB7720EA4BB700240E44 /* Assets.xcassets */,
				D838924F20E4B20E00C26364 /* Info.plist */,
				D838925020E4B20E00C26364 /* main.m */,
			);
			path = March;
			sourceTree = "<group>";
		};
		D838925920E4B20E00C26364 /* MarchTests */ = {
			isa = PBXGroup;
			children = (
				D838925A20E4B20E00C26364 /* MarchTests.m */,
				D838925C20E4B20E00C26364 /* Info.plist */,
			);
			path = MarchTests;
			sourceTree = "<group>";
		};
		D838926420E4B20E00C26364 /* MarchUITests */ = {
			isa = PBXGroup;
			children = (
				D838926520E4B20E00C26364 /* MarchUITests.m */,
				D838926720E4B20E00C26364 /* Info.plist */,
			);
			path = MarchUITests;
			sourceTree = "<group>";
		};
		D86D4BAB20E5CAF700AE3C80 /* UIViewController */ = {
			isa = PBXGroup;
			children = (
				D86D4BC820E6215600AE3C80 /* BasicViewController.h */,
				D86D4BC920E6215600AE3C80 /* BasicViewController.m */,
				D86D4BC520E6214300AE3C80 /* MainViewController.h */,
				D86D4BC620E6214300AE3C80 /* MainViewController.m */,
				D86D4BB320E5D97500AE3C80 /* MenuViewController.h */,
				D86D4BB420E5D97500AE3C80 /* MenuViewController.m */,
				D8F6D97F20E9094E00D4C91D /* LoginViewController.h */,
				D8F6D98020E9094E00D4C91D /* LoginViewController.m */,
				D8F6D98220E909D900D4C91D /* RegisterViewController.h */,
				D8F6D98320E909D900D4C91D /* RegisterViewController.m */,
				D82E257B20E9D79700C2EE2B /* AddProjectViewController.m */,
				D82E257A20E9D79700C2EE2B /* AddProjectViewController.h */,
			);
			path = UIViewController;
			sourceTree = "<group>";
		};
		D86D4BB620E5EDA800AE3C80 /* Utilities */ = {
			isa = PBXGroup;
			children = (
				D8214BE220E4BDCF00A8A856 /* SqliteUtil.h */,
				D8214BE120E4BDCF00A8A856 /* SqliteUtil.m */,
				D86D4BB720E5EDE100AE3C80 /* Util.h */,
				D86D4BB820E5EDE100AE3C80 /* Util.m */,
			);
			path = Utilities;
			sourceTree = "<group>";
		};
		D86D4BBA20E6058F00AE3C80 /* Entities */ = {
			isa = PBXGroup;
			children = (
				D874EB7020EA10BA00240E44 /* CreateProjectModel.m */,
				D874EB6F20EA10BA00240E44 /* CreateProjectModel.h */,
				D87679D920E8A05A0080F2F6 /* MyItem.h */,
				D87679DA20E8A05A0080F2F6 /* MyItem.m */,
				D86D4BBB20E605A500AE3C80 /* User.h */,
				D86D4BBC20E605A500AE3C80 /* User.m */,
				D86D4BBF20E61D1700AE3C80 /* Project.h */,
				D86D4BC020E61D1700AE3C80 /* Project.m */,
				D86D4BC220E61D2000AE3C80 /* Group.h */,
				D86D4BC320E61D2000AE3C80 /* Group.m */,
				D87679D620E89F0B0080F2F6 /* MenuData.h */,
				D87679D720E89F0B0080F2F6 /* MenuData.m */,
			);
			path = Entities;
			sourceTree = "<group>";
		};
		D87679CE20E890420080F2F6 /* Supporting File */ = {
			isa = PBXGroup;
			children = (
				D87679D120E8925E0080F2F6 /* Documentationmarch.db */,
			);
			path = "Supporting File";
			sourceTree = "<group>";
		};
		D8800E8C20E728AF000DD34A /* UIView */ = {
			isa = PBXGroup;
			children = (
				D8B8BC5220E8B8B5005EDDFD /* TableViewCell */,
				D8800E8D20E728CB000DD34A /* MenuView.h */,
				D8800E8E20E728CB000DD34A /* MenuView.m */,
				D8800E9420E74077000DD34A /* MainView.h */,
				D8800E9520E74077000DD34A /* MainView.m */,
				D8800E9720E7663A000DD34A /* BasicView.h */,
				D8800E9820E7663A000DD34A /* BasicView.m */,
				D82E257D20E9DEE800C2EE2B /* AddProjectView.h */,
				D82E257E20E9DEE800C2EE2B /* AddProjectView.m */,
			);
			path = UIView;
			sourceTree = "<group>";
		};
		D8B8BC5220E8B8B5005EDDFD /* TableViewCell */ = {
			isa = PBXGroup;
			children = (
				D8B8BC5320E8B8D4005EDDFD /* BasicTableViewCell.h */,
				D8B8BC5420E8B8D4005EDDFD /* BasicTableViewCell.m */,
				D8B8BC5620E8BF1F005EDDFD /* PGCell.h */,
				D8B8BC5720E8BF1F005EDDFD /* PGCell.m */,
				D8B8BC5820E8BF1F005EDDFD /* PGCell.xib */,
				D8B8BC5B20E8C493005EDDFD /* ProjectCell.h */,
				D8B8BC5C20E8C493005EDDFD /* ProjectCell.m */,
				D8B8BC5D20E8C493005EDDFD /* ProjectCell.xib */,
				D874EB6020EA003C00240E44 /* ProjectInfoTextCell.h */,
				D874EB6120EA003C00240E44 /* ProjectInfoTextCell.m */,
				D874EB6220EA003C00240E44 /* ProjectInfoTextCell.xib */,
				D874EB6520EA00AC00240E44 /* ProjectInfoDateCell.h */,
				D874EB6620EA00AC00240E44 /* ProjectInfoDateCell.m */,
				D874EB6720EA00AC00240E44 /* ProjectInfoDateCell.xib */,
				D874EB6A20EA096F00240E44 /* ProjectInfoPickerCell.h */,
				D874EB6B20EA096F00240E44 /* ProjectInfoPickerCell.m */,
				D874EB6C20EA096F00240E44 /* ProjectInfoPickerCell.xib */,
				D874EB7A20EA4FE900240E44 /* ClickAddCell.h */,
				D874EB7B20EA4FE900240E44 /* ClickAddCell.m */,
				D874EB7C20EA4FE900240E44 /* ClickAddCell.xib */,
				D8CD643020EA5AB400CBE9CA /* ProjectInfoMileStoneCell.h */,
				D8CD643120EA5AB400CBE9CA /* ProjectInfoMileStoneCell.m */,
				D8CD643220EA5AB400CBE9CA /* ProjectInfoMileStoneCell.xib */,
			);
			path = TableViewCell;
			sourceTree = "<group>";
		};
		E39D3DF2A8CF44F05455A3D5 /* Pods */ = {
			isa = PBXGroup;
			children = (
				DCE58B5B41E57262DEE7F60E /* Pods-March.debug.xcconfig */,
				2C4440516F904BBAC40837C6 /* Pods-March.release.xcconfig */,
				8F2093855D0E75E72A70028E /* Pods-MarchTests.debug.xcconfig */,
				5A683826A7FB7AE4A7533BA3 /* Pods-MarchTests.release.xcconfig */,
				9A54B73B4323F2E5AE0936A4 /* Pods-MarchUITests.debug.xcconfig */,
				FDC1B84512B40B26528417E2 /* Pods-MarchUITests.release.xcconfig */,
			);
			name = Pods;
			sourceTree = "<group>";
		};
/* End PBXGroup section */

/* Begin PBXNativeTarget section */
		D838923D20E4B20A00C26364 /* March */ = {
			isa = PBXNativeTarget;
			buildConfigurationList = D838926A20E4B20E00C26364 /* Build configuration list for PBXNativeTarget "March" */;
			buildPhases = (
				8B0C5C17E4A1BFD45766B9ED /* [CP] Check Pods Manifest.lock */,
				D838923A20E4B20A00C26364 /* Sources */,
				D838923B20E4B20A00C26364 /* Frameworks */,
				D838923C20E4B20A00C26364 /* Resources */,
			);
			buildRules = (
			);
			dependencies = (
			);
			name = March;
			productName = March;
			productReference = D838923E20E4B20A00C26364 /* March.app */;
			productType = "com.apple.product-type.application";
		};
		D838925520E4B20E00C26364 /* MarchTests */ = {
			isa = PBXNativeTarget;
			buildConfigurationList = D838926D20E4B20E00C26364 /* Build configuration list for PBXNativeTarget "MarchTests" */;
			buildPhases = (
				AE54196652CC1FFA11806AEA /* [CP] Check Pods Manifest.lock */,
				D838925220E4B20E00C26364 /* Sources */,
				D838925320E4B20E00C26364 /* Frameworks */,
				D838925420E4B20E00C26364 /* Resources */,
			);
			buildRules = (
			);
			dependencies = (
				D838925820E4B20E00C26364 /* PBXTargetDependency */,
			);
			name = MarchTests;
			productName = MarchTests;
			productReference = D838925620E4B20E00C26364 /* MarchTests.xctest */;
			productType = "com.apple.product-type.bundle.unit-test";
		};
		D838926020E4B20E00C26364 /* MarchUITests */ = {
			isa = PBXNativeTarget;
			buildConfigurationList = D838927020E4B20E00C26364 /* Build configuration list for PBXNativeTarget "MarchUITests" */;
			buildPhases = (
				5E66A298FA65F531B061C023 /* [CP] Check Pods Manifest.lock */,
				D838925D20E4B20E00C26364 /* Sources */,
				D838925E20E4B20E00C26364 /* Frameworks */,
				D838925F20E4B20E00C26364 /* Resources */,
			);
			buildRules = (
			);
			dependencies = (
				D838926320E4B20E00C26364 /* PBXTargetDependency */,
			);
			name = MarchUITests;
			productName = MarchUITests;
			productReference = D838926120E4B20E00C26364 /* MarchUITests.xctest */;
			productType = "com.apple.product-type.bundle.ui-testing";
		};
/* End PBXNativeTarget section */

/* Begin PBXProject section */
		D838923620E4B20A00C26364 /* Project object */ = {
			isa = PBXProject;
			attributes = {
				LastUpgradeCheck = 0940;
				ORGANIZATIONNAME = Dzkami;
				TargetAttributes = {
					D838923D20E4B20A00C26364 = {
						CreatedOnToolsVersion = 9.4.1;
					};
					D838925520E4B20E00C26364 = {
						CreatedOnToolsVersion = 9.4.1;
						TestTargetID = D838923D20E4B20A00C26364;
					};
					D838926020E4B20E00C26364 = {
						CreatedOnToolsVersion = 9.4.1;
						TestTargetID = D838923D20E4B20A00C26364;
					};
				};
			};
			buildConfigurationList = D838923920E4B20A00C26364 /* Build configuration list for PBXProject "March" */;
			compatibilityVersion = "Xcode 9.3";
			developmentRegion = en;
			hasScannedForEncodings = 0;
			knownRegions = (
				en,
				Base,
			);
			mainGroup = D838923520E4B20A00C26364;
			productRefGroup = D838923F20E4B20A00C26364 /* Products */;
			projectDirPath = "";
			projectRoot = "";
			targets = (
				D838923D20E4B20A00C26364 /* March */,
				D838925520E4B20E00C26364 /* MarchTests */,
				D838926020E4B20E00C26364 /* MarchUITests */,
			);
		};
/* End PBXProject section */

/* Begin PBXResourcesBuildPhase section */
		D838923C20E4B20A00C26364 /* Resources */ = {
			isa = PBXResourcesBuildPhase;
			buildActionMask = 2147483647;
			files = (
				D874EB6E20EA096F00240E44 /* ProjectInfoPickerCell.xib in Resources */,
				D874EB7820EA4BB800240E44 /* Assets.xcassets in Resources */,
				D838924E20E4B20E00C26364 /* LaunchScreen.storyboard in Resources */,
				D874EB6920EA00AC00240E44 /* ProjectInfoDateCell.xib in Resources */,
				D8CD643420EA5AB400CBE9CA /* ProjectInfoMileStoneCell.xib in Resources */,
				D874EB7E20EA4FE900240E44 /* ClickAddCell.xib in Resources */,
				D8B8BC5A20E8BF1F005EDDFD /* PGCell.xib in Resources */,
				D87679D220E8925E0080F2F6 /* Documentationmarch.db in Resources */,
				D838924920E4B20A00C26364 /* Main.storyboard in Resources */,
				D874EB6420EA003C00240E44 /* ProjectInfoTextCell.xib in Resources */,
				D8B8BC5F20E8C493005EDDFD /* ProjectCell.xib in Resources */,
			);
			runOnlyForDeploymentPostprocessing = 0;
		};
		D838925420E4B20E00C26364 /* Resources */ = {
			isa = PBXResourcesBuildPhase;
			buildActionMask = 2147483647;
			files = (
			);
			runOnlyForDeploymentPostprocessing = 0;
		};
		D838925F20E4B20E00C26364 /* Resources */ = {
			isa = PBXResourcesBuildPhase;
			buildActionMask = 2147483647;
			files = (
			);
			runOnlyForDeploymentPostprocessing = 0;
		};
/* End PBXResourcesBuildPhase section */

/* Begin PBXShellScriptBuildPhase section */
		5E66A298FA65F531B061C023 /* [CP] Check Pods Manifest.lock */ = {
			isa = PBXShellScriptBuildPhase;
			buildActionMask = 2147483647;
			files = (
			);
			inputPaths = (
				"${PODS_PODFILE_DIR_PATH}/Podfile.lock",
				"${PODS_ROOT}/Manifest.lock",
			);
			name = "[CP] Check Pods Manifest.lock";
			outputPaths = (
				"$(DERIVED_FILE_DIR)/Pods-MarchUITests-checkManifestLockResult.txt",
			);
			runOnlyForDeploymentPostprocessing = 0;
			shellPath = /bin/sh;
			shellScript = "diff \"${PODS_PODFILE_DIR_PATH}/Podfile.lock\" \"${PODS_ROOT}/Manifest.lock\" > /dev/null\nif [ $? != 0 ] ; then\n    # print error to STDERR\n    echo \"error: The sandbox is not in sync with the Podfile.lock. Run 'pod install' or update your CocoaPods installation.\" >&2\n    exit 1\nfi\n# This output is used by Xcode 'outputs' to avoid re-running this script phase.\necho \"SUCCESS\" > \"${SCRIPT_OUTPUT_FILE_0}\"\n";
			showEnvVarsInLog = 0;
		};
		8B0C5C17E4A1BFD45766B9ED /* [CP] Check Pods Manifest.lock */ = {
			isa = PBXShellScriptBuildPhase;
			buildActionMask = 2147483647;
			files = (
			);
			inputPaths = (
				"${PODS_PODFILE_DIR_PATH}/Podfile.lock",
				"${PODS_ROOT}/Manifest.lock",
			);
			name = "[CP] Check Pods Manifest.lock";
			outputPaths = (
				"$(DERIVED_FILE_DIR)/Pods-March-checkManifestLockResult.txt",
			);
			runOnlyForDeploymentPostprocessing = 0;
			shellPath = /bin/sh;
			shellScript = "diff \"${PODS_PODFILE_DIR_PATH}/Podfile.lock\" \"${PODS_ROOT}/Manifest.lock\" > /dev/null\nif [ $? != 0 ] ; then\n    # print error to STDERR\n    echo \"error: The sandbox is not in sync with the Podfile.lock. Run 'pod install' or update your CocoaPods installation.\" >&2\n    exit 1\nfi\n# This output is used by Xcode 'outputs' to avoid re-running this script phase.\necho \"SUCCESS\" > \"${SCRIPT_OUTPUT_FILE_0}\"\n";
			showEnvVarsInLog = 0;
		};
		AE54196652CC1FFA11806AEA /* [CP] Check Pods Manifest.lock */ = {
			isa = PBXShellScriptBuildPhase;
			buildActionMask = 2147483647;
			files = (
			);
			inputPaths = (
				"${PODS_PODFILE_DIR_PATH}/Podfile.lock",
				"${PODS_ROOT}/Manifest.lock",
			);
			name = "[CP] Check Pods Manifest.lock";
			outputPaths = (
				"$(DERIVED_FILE_DIR)/Pods-MarchTests-checkManifestLockResult.txt",
			);
			runOnlyForDeploymentPostprocessing = 0;
			shellPath = /bin/sh;
			shellScript = "diff \"${PODS_PODFILE_DIR_PATH}/Podfile.lock\" \"${PODS_ROOT}/Manifest.lock\" > /dev/null\nif [ $? != 0 ] ; then\n    # print error to STDERR\n    echo \"error: The sandbox is not in sync with the Podfile.lock. Run 'pod install' or update your CocoaPods installation.\" >&2\n    exit 1\nfi\n# This output is used by Xcode 'outputs' to avoid re-running this script phase.\necho \"SUCCESS\" > \"${SCRIPT_OUTPUT_FILE_0}\"\n";
			showEnvVarsInLog = 0;
		};
/* End PBXShellScriptBuildPhase section */

/* Begin PBXSourcesBuildPhase section */
		D838923A20E4B20A00C26364 /* Sources */ = {
			isa = PBXSourcesBuildPhase;
			buildActionMask = 2147483647;
			files = (
				D8B8BC5520E8B8D4005EDDFD /* BasicTableViewCell.m in Sources */,
				D86D4BC420E61D2000AE3C80 /* Group.m in Sources */,
				D838924620E4B20A00C26364 /* ViewController.m in Sources */,
				D86D4BBD20E605A500AE3C80 /* User.m in Sources */,
				D8F6D98420E909D900D4C91D /* RegisterViewController.m in Sources */,
				D874EB6820EA00AC00240E44 /* ProjectInfoDateCell.m in Sources */,
				D8F6D98120E9094E00D4C91D /* LoginViewController.m in Sources */,
				D86D4BC720E6214300AE3C80 /* MainViewController.m in Sources */,
				D874EB6320EA003C00240E44 /* ProjectInfoTextCell.m in Sources */,
				D87679DB20E8A05A0080F2F6 /* MyItem.m in Sources */,
				D82E257C20E9D79700C2EE2B /* AddProjectViewController.m in Sources */,
				D874EB6D20EA096F00240E44 /* ProjectInfoPickerCell.m in Sources */,
				D87679D820E89F0B0080F2F6 /* MenuData.m in Sources */,
				D838925120E4B20E00C26364 /* main.m in Sources */,
				D82E257F20E9DEE800C2EE2B /* AddProjectView.m in Sources */,
				D8800E9620E74077000DD34A /* MainView.m in Sources */,
				D8800E8F20E728CB000DD34A /* MenuView.m in Sources */,
				D874EB7D20EA4FE900240E44 /* ClickAddCell.m in Sources */,
				D8CD643320EA5AB400CBE9CA /* ProjectInfoMileStoneCell.m in Sources */,
				D8B8BC5E20E8C493005EDDFD /* ProjectCell.m in Sources */,
				D86D4BC120E61D1700AE3C80 /* Project.m in Sources */,
				D838924320E4B20A00C26364 /* AppDelegate.m in Sources */,
				D874EB7120EA10BA00240E44 /* CreateProjectModel.m in Sources */,
				D86D4BB920E5EDE100AE3C80 /* Util.m in Sources */,
				D8214BE320E4BDCF00A8A856 /* SqliteUtil.m in Sources */,
				D8800E9920E7663A000DD34A /* BasicView.m in Sources */,
				D86D4BCA20E6215600AE3C80 /* BasicViewController.m in Sources */,
				D8B8BC5920E8BF1F005EDDFD /* PGCell.m in Sources */,
				D86D4BB520E5D97500AE3C80 /* MenuViewController.m in Sources */,
			);
			runOnlyForDeploymentPostprocessing = 0;
		};
		D838925220E4B20E00C26364 /* Sources */ = {
			isa = PBXSourcesBuildPhase;
			buildActionMask = 2147483647;
			files = (
				D838925B20E4B20E00C26364 /* MarchTests.m in Sources */,
			);
			runOnlyForDeploymentPostprocessing = 0;
		};
		D838925D20E4B20E00C26364 /* Sources */ = {
			isa = PBXSourcesBuildPhase;
			buildActionMask = 2147483647;
			files = (
				D838926620E4B20E00C26364 /* MarchUITests.m in Sources */,
			);
			runOnlyForDeploymentPostprocessing = 0;
		};
/* End PBXSourcesBuildPhase section */

/* Begin PBXTargetDependency section */
		D838925820E4B20E00C26364 /* PBXTargetDependency */ = {
			isa = PBXTargetDependency;
			target = D838923D20E4B20A00C26364 /* March */;
			targetProxy = D838925720E4B20E00C26364 /* PBXContainerItemProxy */;
		};
		D838926320E4B20E00C26364 /* PBXTargetDependency */ = {
			isa = PBXTargetDependency;
			target = D838923D20E4B20A00C26364 /* March */;
			targetProxy = D838926220E4B20E00C26364 /* PBXContainerItemProxy */;
		};
/* End PBXTargetDependency section */

/* Begin PBXVariantGroup section */
		D838924720E4B20A00C26364 /* Main.storyboard */ = {
			isa = PBXVariantGroup;
			children = (
				D838924820E4B20A00C26364 /* Base */,
			);
			name = Main.storyboard;
			sourceTree = "<group>";
		};
		D838924C20E4B20E00C26364 /* LaunchScreen.storyboard */ = {
			isa = PBXVariantGroup;
			children = (
				D838924D20E4B20E00C26364 /* Base */,
			);
			name = LaunchScreen.storyboard;
			sourceTree = "<group>";
		};
/* End PBXVariantGroup section */

/* Begin XCBuildConfiguration section */
		D838926820E4B20E00C26364 /* Debug */ = {
			isa = XCBuildConfiguration;
			buildSettings = {
				ALWAYS_SEARCH_USER_PATHS = NO;
				CLANG_ANALYZER_NONNULL = YES;
				CLANG_ANALYZER_NUMBER_OBJECT_CONVERSION = YES_AGGRESSIVE;
				CLANG_CXX_LANGUAGE_STANDARD = "gnu++14";
				CLANG_CXX_LIBRARY = "libc++";
				CLANG_ENABLE_MODULES = YES;
				CLANG_ENABLE_OBJC_ARC = YES;
				CLANG_ENABLE_OBJC_WEAK = YES;
				CLANG_WARN_BLOCK_CAPTURE_AUTORELEASING = YES;
				CLANG_WARN_BOOL_CONVERSION = YES;
				CLANG_WARN_COMMA = YES;
				CLANG_WARN_CONSTANT_CONVERSION = YES;
				CLANG_WARN_DEPRECATED_OBJC_IMPLEMENTATIONS = YES;
				CLANG_WARN_DIRECT_OBJC_ISA_USAGE = YES_ERROR;
				CLANG_WARN_DOCUMENTATION_COMMENTS = YES;
				CLANG_WARN_EMPTY_BODY = YES;
				CLANG_WARN_ENUM_CONVERSION = YES;
				CLANG_WARN_INFINITE_RECURSION = YES;
				CLANG_WARN_INT_CONVERSION = YES;
				CLANG_WARN_NON_LITERAL_NULL_CONVERSION = YES;
				CLANG_WARN_OBJC_IMPLICIT_RETAIN_SELF = YES;
				CLANG_WARN_OBJC_LITERAL_CONVERSION = YES;
				CLANG_WARN_OBJC_ROOT_CLASS = YES_ERROR;
				CLANG_WARN_RANGE_LOOP_ANALYSIS = YES;
				CLANG_WARN_STRICT_PROTOTYPES = YES;
				CLANG_WARN_SUSPICIOUS_MOVE = YES;
				CLANG_WARN_UNGUARDED_AVAILABILITY = YES_AGGRESSIVE;
				CLANG_WARN_UNREACHABLE_CODE = YES;
				CLANG_WARN__DUPLICATE_METHOD_MATCH = YES;
				CODE_SIGN_IDENTITY = "iPhone Developer";
				COPY_PHASE_STRIP = NO;
				DEBUG_INFORMATION_FORMAT = dwarf;
				ENABLE_STRICT_OBJC_MSGSEND = YES;
				ENABLE_TESTABILITY = YES;
				GCC_C_LANGUAGE_STANDARD = gnu11;
				GCC_DYNAMIC_NO_PIC = NO;
				GCC_NO_COMMON_BLOCKS = YES;
				GCC_OPTIMIZATION_LEVEL = 0;
				GCC_PREPROCESSOR_DEFINITIONS = (
					"DEBUG=1",
					"$(inherited)",
				);
				GCC_WARN_64_TO_32_BIT_CONVERSION = YES;
				GCC_WARN_ABOUT_RETURN_TYPE = YES_ERROR;
				GCC_WARN_UNDECLARED_SELECTOR = YES;
				GCC_WARN_UNINITIALIZED_AUTOS = YES_AGGRESSIVE;
				GCC_WARN_UNUSED_FUNCTION = YES;
				GCC_WARN_UNUSED_VARIABLE = YES;
				IPHONEOS_DEPLOYMENT_TARGET = 11.4;
				MTL_ENABLE_DEBUG_INFO = YES;
				ONLY_ACTIVE_ARCH = YES;
				SDKROOT = iphoneos;
			};
			name = Debug;
		};
		D838926920E4B20E00C26364 /* Release */ = {
			isa = XCBuildConfiguration;
			buildSettings = {
				ALWAYS_SEARCH_USER_PATHS = NO;
				CLANG_ANALYZER_NONNULL = YES;
				CLANG_ANALYZER_NUMBER_OBJECT_CONVERSION = YES_AGGRESSIVE;
				CLANG_CXX_LANGUAGE_STANDARD = "gnu++14";
				CLANG_CXX_LIBRARY = "libc++";
				CLANG_ENABLE_MODULES = YES;
				CLANG_ENABLE_OBJC_ARC = YES;
				CLANG_ENABLE_OBJC_WEAK = YES;
				CLANG_WARN_BLOCK_CAPTURE_AUTORELEASING = YES;
				CLANG_WARN_BOOL_CONVERSION = YES;
				CLANG_WARN_COMMA = YES;
				CLANG_WARN_CONSTANT_CONVERSION = YES;
				CLANG_WARN_DEPRECATED_OBJC_IMPLEMENTATIONS = YES;
				CLANG_WARN_DIRECT_OBJC_ISA_USAGE = YES_ERROR;
				CLANG_WARN_DOCUMENTATION_COMMENTS = YES;
				CLANG_WARN_EMPTY_BODY = YES;
				CLANG_WARN_ENUM_CONVERSION = YES;
				CLANG_WARN_INFINITE_RECURSION = YES;
				CLANG_WARN_INT_CONVERSION = YES;
				CLANG_WARN_NON_LITERAL_NULL_CONVERSION = YES;
				CLANG_WARN_OBJC_IMPLICIT_RETAIN_SELF = YES;
				CLANG_WARN_OBJC_LITERAL_CONVERSION = YES;
				CLANG_WARN_OBJC_ROOT_CLASS = YES_ERROR;
				CLANG_WARN_RANGE_LOOP_ANALYSIS = YES;
				CLANG_WARN_STRICT_PROTOTYPES = YES;
				CLANG_WARN_SUSPICIOUS_MOVE = YES;
				CLANG_WARN_UNGUARDED_AVAILABILITY = YES_AGGRESSIVE;
				CLANG_WARN_UNREACHABLE_CODE = YES;
				CLANG_WARN__DUPLICATE_METHOD_MATCH = YES;
				CODE_SIGN_IDENTITY = "iPhone Developer";
				COPY_PHASE_STRIP = NO;
				DEBUG_INFORMATION_FORMAT = "dwarf-with-dsym";
				ENABLE_NS_ASSERTIONS = NO;
				ENABLE_STRICT_OBJC_MSGSEND = YES;
				GCC_C_LANGUAGE_STANDARD = gnu11;
				GCC_NO_COMMON_BLOCKS = YES;
				GCC_WARN_64_TO_32_BIT_CONVERSION = YES;
				GCC_WARN_ABOUT_RETURN_TYPE = YES_ERROR;
				GCC_WARN_UNDECLARED_SELECTOR = YES;
				GCC_WARN_UNINITIALIZED_AUTOS = YES_AGGRESSIVE;
				GCC_WARN_UNUSED_FUNCTION = YES;
				GCC_WARN_UNUSED_VARIABLE = YES;
				IPHONEOS_DEPLOYMENT_TARGET = 11.4;
				MTL_ENABLE_DEBUG_INFO = NO;
				SDKROOT = iphoneos;
				VALIDATE_PRODUCT = YES;
			};
			name = Release;
		};
		D838926B20E4B20E00C26364 /* Debug */ = {
			isa = XCBuildConfiguration;
			baseConfigurationReference = DCE58B5B41E57262DEE7F60E /* Pods-March.debug.xcconfig */;
			buildSettings = {
				ASSETCATALOG_COMPILER_APPICON_NAME = AppIcon;
				CODE_SIGN_STYLE = Automatic;
				DEVELOPMENT_TEAM = AT9N58JKJ5;
				INFOPLIST_FILE = March/Info.plist;
				IPHONEOS_DEPLOYMENT_TARGET = 10.0;
				LD_RUNPATH_SEARCH_PATHS = (
					"$(inherited)",
					"@executable_path/Frameworks",
				);
				PRODUCT_BUNDLE_IDENTIFIER = self.dzkami.March;
				PRODUCT_NAME = "$(TARGET_NAME)";
				TARGETED_DEVICE_FAMILY = "1,2";
			};
			name = Debug;
		};
		D838926C20E4B20E00C26364 /* Release */ = {
			isa = XCBuildConfiguration;
			baseConfigurationReference = 2C4440516F904BBAC40837C6 /* Pods-March.release.xcconfig */;
			buildSettings = {
				ASSETCATALOG_COMPILER_APPICON_NAME = AppIcon;
				CODE_SIGN_STYLE = Automatic;
				DEVELOPMENT_TEAM = AT9N58JKJ5;
				INFOPLIST_FILE = March/Info.plist;
				IPHONEOS_DEPLOYMENT_TARGET = 10.0;
				LD_RUNPATH_SEARCH_PATHS = (
					"$(inherited)",
					"@executable_path/Frameworks",
				);
				PRODUCT_BUNDLE_IDENTIFIER = self.dzkami.March;
				PRODUCT_NAME = "$(TARGET_NAME)";
				TARGETED_DEVICE_FAMILY = "1,2";
			};
			name = Release;
		};
		D838926E20E4B20E00C26364 /* Debug */ = {
			isa = XCBuildConfiguration;
			baseConfigurationReference = 8F2093855D0E75E72A70028E /* Pods-MarchTests.debug.xcconfig */;
			buildSettings = {
				BUNDLE_LOADER = "$(TEST_HOST)";
				CODE_SIGN_STYLE = Automatic;
				DEVELOPMENT_TEAM = AT9N58JKJ5;
				INFOPLIST_FILE = MarchTests/Info.plist;
				LD_RUNPATH_SEARCH_PATHS = (
					"$(inherited)",
					"@executable_path/Frameworks",
					"@loader_path/Frameworks",
				);
				PRODUCT_BUNDLE_IDENTIFIER = self.dzkami.MarchTests;
				PRODUCT_NAME = "$(TARGET_NAME)";
				TARGETED_DEVICE_FAMILY = "1,2";
				TEST_HOST = "$(BUILT_PRODUCTS_DIR)/March.app/March";
			};
			name = Debug;
		};
		D838926F20E4B20E00C26364 /* Release */ = {
			isa = XCBuildConfiguration;
			baseConfigurationReference = 5A683826A7FB7AE4A7533BA3 /* Pods-MarchTests.release.xcconfig */;
			buildSettings = {
				BUNDLE_LOADER = "$(TEST_HOST)";
				CODE_SIGN_STYLE = Automatic;
				DEVELOPMENT_TEAM = AT9N58JKJ5;
				INFOPLIST_FILE = MarchTests/Info.plist;
				LD_RUNPATH_SEARCH_PATHS = (
					"$(inherited)",
					"@executable_path/Frameworks",
					"@loader_path/Frameworks",
				);
				PRODUCT_BUNDLE_IDENTIFIER = self.dzkami.MarchTests;
				PRODUCT_NAME = "$(TARGET_NAME)";
				TARGETED_DEVICE_FAMILY = "1,2";
				TEST_HOST = "$(BUILT_PRODUCTS_DIR)/March.app/March";
			};
			name = Release;
		};
		D838927120E4B20E00C26364 /* Debug */ = {
			isa = XCBuildConfiguration;
			baseConfigurationReference = 9A54B73B4323F2E5AE0936A4 /* Pods-MarchUITests.debug.xcconfig */;
			buildSettings = {
				CODE_SIGN_STYLE = Automatic;
				DEVELOPMENT_TEAM = AT9N58JKJ5;
				INFOPLIST_FILE = MarchUITests/Info.plist;
				LD_RUNPATH_SEARCH_PATHS = (
					"$(inherited)",
					"@executable_path/Frameworks",
					"@loader_path/Frameworks",
				);
				PRODUCT_BUNDLE_IDENTIFIER = self.dzkami.MarchUITests;
				PRODUCT_NAME = "$(TARGET_NAME)";
				TARGETED_DEVICE_FAMILY = "1,2";
				TEST_TARGET_NAME = March;
			};
			name = Debug;
		};
		D838927220E4B20E00C26364 /* Release */ = {
			isa = XCBuildConfiguration;
			baseConfigurationReference = FDC1B84512B40B26528417E2 /* Pods-MarchUITests.release.xcconfig */;
			buildSettings = {
				CODE_SIGN_STYLE = Automatic;
				DEVELOPMENT_TEAM = AT9N58JKJ5;
				INFOPLIST_FILE = MarchUITests/Info.plist;
				LD_RUNPATH_SEARCH_PATHS = (
					"$(inherited)",
					"@executable_path/Frameworks",
					"@loader_path/Frameworks",
				);
				PRODUCT_BUNDLE_IDENTIFIER = self.dzkami.MarchUITests;
				PRODUCT_NAME = "$(TARGET_NAME)";
				TARGETED_DEVICE_FAMILY = "1,2";
				TEST_TARGET_NAME = March;
			};
			name = Release;
		};
/* End XCBuildConfiguration section */

/* Begin XCConfigurationList section */
		D838923920E4B20A00C26364 /* Build configuration list for PBXProject "March" */ = {
			isa = XCConfigurationList;
			buildConfigurations = (
				D838926820E4B20E00C26364 /* Debug */,
				D838926920E4B20E00C26364 /* Release */,
			);
			defaultConfigurationIsVisible = 0;
			defaultConfigurationName = Release;
		};
		D838926A20E4B20E00C26364 /* Build configuration list for PBXNativeTarget "March" */ = {
			isa = XCConfigurationList;
			buildConfigurations = (
				D838926B20E4B20E00C26364 /* Debug */,
				D838926C20E4B20E00C26364 /* Release */,
			);
			defaultConfigurationIsVisible = 0;
			defaultConfigurationName = Release;
		};
		D838926D20E4B20E00C26364 /* Build configuration list for PBXNativeTarget "MarchTests" */ = {
			isa = XCConfigurationList;
			buildConfigurations = (
				D838926E20E4B20E00C26364 /* Debug */,
				D838926F20E4B20E00C26364 /* Release */,
			);
			defaultConfigurationIsVisible = 0;
			defaultConfigurationName = Release;
		};
		D838927020E4B20E00C26364 /* Build configuration list for PBXNativeTarget "MarchUITests" */ = {
			isa = XCConfigurationList;
			buildConfigurations = (
				D838927120E4B20E00C26364 /* Debug */,
				D838927220E4B20E00C26364 /* Release */,
			);
			defaultConfigurationIsVisible = 0;
			defaultConfigurationName = Release;
		};
/* End XCConfigurationList section */
	};
	rootObject = D838923620E4B20A00C26364 /* Project object */;
}
